// !$*UTF8*$!
{
	archiveVersion = 1;
	classes = {
	};
	objectVersion = 50;
	objects = {

/* Begin PBXBuildFile section */
		2581CDA5CA55A5224FB1084A /* Pods_ImageLoader.framework in Frameworks */ = {isa = PBXBuildFile; fileRef = B5F40CAB454C90C1F72DC35C /* Pods_ImageLoader.framework */; };
		FE1C3A9520D2A0D000FA43EE /* AppDelegate.swift in Sources */ = {isa = PBXBuildFile; fileRef = FE1C3A9420D2A0D000FA43EE /* AppDelegate.swift */; };
		FE1C3A9720D2A0D000FA43EE /* ImageLoaderVC.swift in Sources */ = {isa = PBXBuildFile; fileRef = FE1C3A9620D2A0D000FA43EE /* ImageLoaderVC.swift */; };
		FE1C3A9A20D2A0D000FA43EE /* Main.storyboard in Resources */ = {isa = PBXBuildFile; fileRef = FE1C3A9820D2A0D000FA43EE /* Main.storyboard */; };
		FE1C3A9D20D2A0D000FA43EE /* ImageLoader.xcdatamodeld in Sources */ = {isa = PBXBuildFile; fileRef = FE1C3A9B20D2A0D000FA43EE /* ImageLoader.xcdatamodeld */; };
		FE1C3A9F20D2A0E300FA43EE /* Assets.xcassets in Resources */ = {isa = PBXBuildFile; fileRef = FE1C3A9E20D2A0E300FA43EE /* Assets.xcassets */; };
		FE1C3AA220D2A0E300FA43EE /* LaunchScreen.storyboard in Resources */ = {isa = PBXBuildFile; fileRef = FE1C3AA020D2A0E300FA43EE /* LaunchScreen.storyboard */; };
		FE1E1C5F20D7047F00BB6F5F /* DiscardableCacheItem.swift in Sources */ = {isa = PBXBuildFile; fileRef = FE1E1C5E20D7047F00BB6F5F /* DiscardableCacheItem.swift */; };
		FE1E1C6120D7053000BB6F5F /* Cache.swift in Sources */ = {isa = PBXBuildFile; fileRef = FE1E1C6020D7053000BB6F5F /* Cache.swift */; };
		FE1E1C6320D707B200BB6F5F /* ImageManager.swift in Sources */ = {isa = PBXBuildFile; fileRef = FE1E1C6220D707B200BB6F5F /* ImageManager.swift */; };
/* End PBXBuildFile section */

/* Begin PBXFileReference section */
		229415FB624522DE137D5490 /* Pods-ImageLoader.release.xcconfig */ = {isa = PBXFileReference; includeInIndex = 1; lastKnownFileType = text.xcconfig; name = "Pods-ImageLoader.release.xcconfig"; path = "Pods/Target Support Files/Pods-ImageLoader/Pods-ImageLoader.release.xcconfig"; sourceTree = "<group>"; };
		B5F40CAB454C90C1F72DC35C /* Pods_ImageLoader.framework */ = {isa = PBXFileReference; explicitFileType = wrapper.framework; includeInIndex = 0; path = Pods_ImageLoader.framework; sourceTree = BUILT_PRODUCTS_DIR; };
		C2CB406E7FF80149E579163B /* Pods-ImageLoader.debug.xcconfig */ = {isa = PBXFileReference; includeInIndex = 1; lastKnownFileType = text.xcconfig; name = "Pods-ImageLoader.debug.xcconfig"; path = "Pods/Target Support Files/Pods-ImageLoader/Pods-ImageLoader.debug.xcconfig"; sourceTree = "<group>"; };
		FE1C3A9120D2A0CF00FA43EE /* ImageLoader.app */ = {isa = PBXFileReference; explicitFileType = wrapper.application; includeInIndex = 0; path = ImageLoader.app; sourceTree = BUILT_PRODUCTS_DIR; };
		FE1C3A9420D2A0D000FA43EE /* AppDelegate.swift */ = {isa = PBXFileReference; lastKnownFileType = sourcecode.swift; path = AppDelegate.swift; sourceTree = "<group>"; };
		FE1C3A9620D2A0D000FA43EE /* ImageLoaderVC.swift */ = {isa = PBXFileReference; lastKnownFileType = sourcecode.swift; path = ImageLoaderVC.swift; sourceTree = "<group>"; };
		FE1C3A9920D2A0D000FA43EE /* Base */ = {isa = PBXFileReference; lastKnownFileType = file.storyboard; name = Base; path = Base.lproj/Main.storyboard; sourceTree = "<group>"; };
		FE1C3A9C20D2A0D000FA43EE /* ImageLoader.xcdatamodel */ = {isa = PBXFileReference; lastKnownFileType = wrapper.xcdatamodel; path = ImageLoader.xcdatamodel; sourceTree = "<group>"; };
		FE1C3A9E20D2A0E300FA43EE /* Assets.xcassets */ = {isa = PBXFileReference; lastKnownFileType = folder.assetcatalog; path = Assets.xcassets; sourceTree = "<group>"; };
		FE1C3AA120D2A0E300FA43EE /* Base */ = {isa = PBXFileReference; lastKnownFileType = file.storyboard; name = Base; path = Base.lproj/LaunchScreen.storyboard; sourceTree = "<group>"; };
		FE1C3AA320D2A0E300FA43EE /* Info.plist */ = {isa = PBXFileReference; lastKnownFileType = text.plist.xml; path = Info.plist; sourceTree = "<group>"; };
		FE1E1C5E20D7047F00BB6F5F /* DiscardableCacheItem.swift */ = {isa = PBXFileReference; lastKnownFileType = sourcecode.swift; path = DiscardableCacheItem.swift; sourceTree = "<group>"; };
		FE1E1C6020D7053000BB6F5F /* Cache.swift */ = {isa = PBXFileReference; lastKnownFileType = sourcecode.swift; path = Cache.swift; sourceTree = "<group>"; };
		FE1E1C6220D707B200BB6F5F /* ImageManager.swift */ = {isa = PBXFileReference; lastKnownFileType = sourcecode.swift; path = ImageManager.swift; sourceTree = "<group>"; };
/* End PBXFileReference section */

/* Begin PBXFrameworksBuildPhase section */
		FE1C3A8E20D2A0CF00FA43EE /* Frameworks */ = {
			isa = PBXFrameworksBuildPhase;
			buildActionMask = 2147483647;
			files = (
				2581CDA5CA55A5224FB1084A /* Pods_ImageLoader.framework in Frameworks */,
			);
			runOnlyForDeploymentPostprocessing = 0;
		};
/* End PBXFrameworksBuildPhase section */

/* Begin PBXGroup section */
		C760C86756CE25E727563B2C /* Frameworks */ = {
			isa = PBXGroup;
			children = (
				B5F40CAB454C90C1F72DC35C /* Pods_ImageLoader.framework */,
			);
			name = Frameworks;
			sourceTree = "<group>";
		};
		EF45249DA7F4B6C7C2B39C83 /* Pods */ = {
			isa = PBXGroup;
			children = (
				C2CB406E7FF80149E579163B /* Pods-ImageLoader.debug.xcconfig */,
				229415FB624522DE137D5490 /* Pods-ImageLoader.release.xcconfig */,
			);
			name = Pods;
			sourceTree = "<group>";
		};
		FE1C3A8820D2A0CD00FA43EE = {
			isa = PBXGroup;
			children = (
				FE1C3A9320D2A0CF00FA43EE /* ImageLoader */,
				FE1C3A9220D2A0CF00FA43EE /* Products */,
				EF45249DA7F4B6C7C2B39C83 /* Pods */,
				C760C86756CE25E727563B2C /* Frameworks */,
			);
			sourceTree = "<group>";
		};
		FE1C3A9220D2A0CF00FA43EE /* Products */ = {
			isa = PBXGroup;
			children = (
				FE1C3A9120D2A0CF00FA43EE /* ImageLoader.app */,
			);
			name = Products;
			sourceTree = "<group>";
		};
		FE1C3A9320D2A0CF00FA43EE /* ImageLoader */ = {
			isa = PBXGroup;
			children = (
				FE1C3A9420D2A0D000FA43EE /* AppDelegate.swift */,
				FE1C3A9620D2A0D000FA43EE /* ImageLoaderVC.swift */,
				FE1C3A9820D2A0D000FA43EE /* Main.storyboard */,
				FE1C3A9E20D2A0E300FA43EE /* Assets.xcassets */,
				FE1C3AA020D2A0E300FA43EE /* LaunchScreen.storyboard */,
				FE1C3AA320D2A0E300FA43EE /* Info.plist */,
				FE1C3A9B20D2A0D000FA43EE /* ImageLoader.xcdatamodeld */,
				FE1E1C5E20D7047F00BB6F5F /* DiscardableCacheItem.swift */,
				FE1E1C6020D7053000BB6F5F /* Cache.swift */,
				FE1E1C6220D707B200BB6F5F /* ImageManager.swift */,
			);
			path = ImageLoader;
			sourceTree = "<group>";
		};
/* End PBXGroup section */

/* Begin PBXNativeTarget section */
		FE1C3A9020D2A0CF00FA43EE /* ImageLoader */ = {
			isa = PBXNativeTarget;
			buildConfigurationList = FE1C3AA620D2A0E300FA43EE /* Build configuration list for PBXNativeTarget "ImageLoader" */;
			buildPhases = (
				7E9551977736703632F7763C /* [CP] Check Pods Manifest.lock */,
				FE1C3A8D20D2A0CF00FA43EE /* Sources */,
				FE1C3A8E20D2A0CF00FA43EE /* Frameworks */,
				FE1C3A8F20D2A0CF00FA43EE /* Resources */,
				AED79A16E2202123997D0CD6 /* [CP] Embed Pods Frameworks */,
			);
			buildRules = (
			);
			dependencies = (
			);
			name = ImageLoader;
			productName = ImageLoader;
			productReference = FE1C3A9120D2A0CF00FA43EE /* ImageLoader.app */;
			productType = "com.apple.product-type.application";
		};
/* End PBXNativeTarget section */

/* Begin PBXProject section */
		FE1C3A8920D2A0CD00FA43EE /* Project object */ = {
			isa = PBXProject;
			attributes = {
				LastSwiftUpdateCheck = 1000;
				LastUpgradeCheck = 1000;
				ORGANIZATIONNAME = "Vitaliy Maksymlyuk";
				TargetAttributes = {
					FE1C3A9020D2A0CF00FA43EE = {
						CreatedOnToolsVersion = 10.0;
					};
				};
			};
			buildConfigurationList = FE1C3A8C20D2A0CE00FA43EE /* Build configuration list for PBXProject "ImageLoader" */;
			compatibilityVersion = "Xcode 9.3";
			developmentRegion = en;
			hasScannedForEncodings = 0;
			knownRegions = (
				en,
				Base,
			);
			mainGroup = FE1C3A8820D2A0CD00FA43EE;
			productRefGroup = FE1C3A9220D2A0CF00FA43EE /* Products */;
			projectDirPath = "";
			projectRoot = "";
			targets = (
				FE1C3A9020D2A0CF00FA43EE /* ImageLoader */,
			);
		};
/* End PBXProject section */

/* Begin PBXResourcesBuildPhase section */
		FE1C3A8F20D2A0CF00FA43EE /* Resources */ = {
			isa = PBXResourcesBuildPhase;
			buildActionMask = 2147483647;
			files = (
				FE1C3AA220D2A0E300FA43EE /* LaunchScreen.storyboard in Resources */,
				FE1C3A9F20D2A0E300FA43EE /* Assets.xcassets in Resources */,
				FE1C3A9A20D2A0D000FA43EE /* Main.storyboard in Resources */,
			);
			runOnlyForDeploymentPostprocessing = 0;
		};
/* End PBXResourcesBuildPhase section */

/* Begin PBXShellScriptBuildPhase section */
		7E9551977736703632F7763C /* [CP] Check Pods Manifest.lock */ = {
			isa = PBXShellScriptBuildPhase;
			buildActionMask = 2147483647;
			files = (
			);
			inputPaths = (
				"${PODS_PODFILE_DIR_PATH}/Podfile.lock",
				"${PODS_ROOT}/Manifest.lock",
			);
			name = "[CP] Check Pods Manifest.lock";
			outputPaths = (
				"$(DERIVED_FILE_DIR)/Pods-ImageLoader-checkManifestLockResult.txt",
			);
			runOnlyForDeploymentPostprocessing = 0;
			shellPath = /bin/sh;
			shellScript = "diff \"${PODS_PODFILE_DIR_PATH}/Podfile.lock\" \"${PODS_ROOT}/Manifest.lock\" > /dev/null\nif [ $? != 0 ] ; then\n    # print error to STDERR\n    echo \"error: The sandbox is not in sync with the Podfile.lock. Run 'pod install' or update your CocoaPods installation.\" >&2\n    exit 1\nfi\n# This output is used by Xcode 'outputs' to avoid re-running this script phase.\necho \"SUCCESS\" > \"${SCRIPT_OUTPUT_FILE_0}\"\n";
			showEnvVarsInLog = 0;
		};
		AED79A16E2202123997D0CD6 /* [CP] Embed Pods Frameworks */ = {
			isa = PBXShellScriptBuildPhase;
			buildActionMask = 2147483647;
			files = (
			);
			inputPaths = (
				"${SRCROOT}/Pods/Target Support Files/Pods-ImageLoader/Pods-ImageLoader-frameworks.sh",
				"${BUILT_PRODUCTS_DIR}/SkeletonView/SkeletonView.framework",
			);
			name = "[CP] Embed Pods Frameworks";
			outputPaths = (
				"${TARGET_BUILD_DIR}/${FRAMEWORKS_FOLDER_PATH}/SkeletonView.framework",
			);
			runOnlyForDeploymentPostprocessing = 0;
			shellPath = /bin/sh;
			shellScript = "\"${SRCROOT}/Pods/Target Support Files/Pods-ImageLoader/Pods-ImageLoader-frameworks.sh\"\n";
			showEnvVarsInLog = 0;
		};
/* End PBXShellScriptBuildPhase section */

/* Begin PBXSourcesBuildPhase section */
		FE1C3A8D20D2A0CF00FA43EE /* Sources */ = {
			isa = PBXSourcesBuildPhase;
			buildActionMask = 2147483647;
			files = (
				FE1C3A9720D2A0D000FA43EE /* ImageLoaderVC.swift in Sources */,
				FE1E1C5F20D7047F00BB6F5F /* DiscardableCacheItem.swift in Sources */,
				FE1E1C6320D707B200BB6F5F /* ImageManager.swift in Sources */,
				FE1C3A9520D2A0D000FA43EE /* AppDelegate.swift in Sources */,
				FE1E1C6120D7053000BB6F5F /* Cache.swift in Sources */,
				FE1C3A9D20D2A0D000FA43EE /* ImageLoader.xcdatamodeld in Sources */,
			);
			runOnlyForDeploymentPostprocessing = 0;
		};
/* End PBXSourcesBuildPhase section */

/* Begin PBXVariantGroup section */
		FE1C3A9820D2A0D000FA43EE /* Main.storyboard */ = {
			isa = PBXVariantGroup;
			children = (
				FE1C3A9920D2A0D000FA43EE /* Base */,
			);
			name = Main.storyboard;
			sourceTree = "<group>";
		};
		FE1C3AA020D2A0E300FA43EE /* LaunchScreen.storyboard */ = {
			isa = PBXVariantGroup;
			children = (
				FE1C3AA120D2A0E300FA43EE /* Base */,
			);
			name = LaunchScreen.storyboard;
			sourceTree = "<group>";
		};
/* End PBXVariantGroup section */

/* Begin XCBuildConfiguration section */
		FE1C3AA420D2A0E300FA43EE /* Debug */ = {
			isa = XCBuildConfiguration;
			buildSettings = {
				ALWAYS_SEARCH_USER_PATHS = NO;
				CLANG_ANALYZER_NONNULL = YES;
				CLANG_ANALYZER_NUMBER_OBJECT_CONVERSION = YES_AGGRESSIVE;
				CLANG_CXX_LANGUAGE_STANDARD = "gnu++14";
				CLANG_CXX_LIBRARY = "libc++";
				CLANG_ENABLE_MODULES = YES;
				CLANG_ENABLE_OBJC_ARC = YES;
				CLANG_ENABLE_OBJC_WEAK = YES;
				CLANG_WARN_BLOCK_CAPTURE_AUTORELEASING = YES;
				CLANG_WARN_BOOL_CONVERSION = YES;
				CLANG_WARN_COMMA = YES;
				CLANG_WARN_CONSTANT_CONVERSION = YES;
				CLANG_WARN_DEPRECATED_OBJC_IMPLEMENTATIONS = YES;
				CLANG_WARN_DIRECT_OBJC_ISA_USAGE = YES_ERROR;
				CLANG_WARN_DOCUMENTATION_COMMENTS = YES;
				CLANG_WARN_EMPTY_BODY = YES;
				CLANG_WARN_ENUM_CONVERSION = YES;
				CLANG_WARN_INFINITE_RECURSION = YES;
				CLANG_WARN_INT_CONVERSION = YES;
				CLANG_WARN_NON_LITERAL_NULL_CONVERSION = YES;
				CLANG_WARN_OBJC_IMPLICIT_RETAIN_SELF = YES;
				CLANG_WARN_OBJC_LITERAL_CONVERSION = YES;
				CLANG_WARN_OBJC_ROOT_CLASS = YES_ERROR;
				CLANG_WARN_RANGE_LOOP_ANALYSIS = YES;
				CLANG_WARN_STRICT_PROTOTYPES = YES;
				CLANG_WARN_SUSPICIOUS_MOVE = YES;
				CLANG_WARN_UNGUARDED_AVAILABILITY = YES_AGGRESSIVE;
				CLANG_WARN_UNREACHABLE_CODE = YES;
				CLANG_WARN__DUPLICATE_METHOD_MATCH = YES;
				CODE_SIGN_IDENTITY = "iPhone Developer";
				COPY_PHASE_STRIP = NO;
				DEBUG_INFORMATION_FORMAT = dwarf;
				ENABLE_STRICT_OBJC_MSGSEND = YES;
				ENABLE_TESTABILITY = YES;
				GCC_C_LANGUAGE_STANDARD = gnu11;
				GCC_DYNAMIC_NO_PIC = NO;
				GCC_NO_COMMON_BLOCKS = YES;
				GCC_OPTIMIZATION_LEVEL = 0;
				GCC_PREPROCESSOR_DEFINITIONS = (
					"DEBUG=1",
					"$(inherited)",
				);
				GCC_WARN_64_TO_32_BIT_CONVERSION = YES;
				GCC_WARN_ABOUT_RETURN_TYPE = YES_ERROR;
				GCC_WARN_UNDECLARED_SELECTOR = YES;
				GCC_WARN_UNINITIALIZED_AUTOS = YES_AGGRESSIVE;
				GCC_WARN_UNUSED_FUNCTION = YES;
				GCC_WARN_UNUSED_VARIABLE = YES;
				IPHONEOS_DEPLOYMENT_TARGET = 11.4;
				MTL_ENABLE_DEBUG_INFO = INCLUDE_SOURCE;
				ONLY_ACTIVE_ARCH = YES;
				SDKROOT = iphoneos;
				SWIFT_ACTIVE_COMPILATION_CONDITIONS = DEBUG;
				SWIFT_OPTIMIZATION_LEVEL = "-Onone";
			};
			name = Debug;
		};
		FE1C3AA520D2A0E300FA43EE /* Release */ = {
			isa = XCBuildConfiguration;
			buildSettings = {
				ALWAYS_SEARCH_USER_PATHS = NO;
				CLANG_ANALYZER_NONNULL = YES;
				CLANG_ANALYZER_NUMBER_OBJECT_CONVERSION = YES_AGGRESSIVE;
				CLANG_CXX_LANGUAGE_STANDARD = "gnu++14";
				CLANG_CXX_LIBRARY = "libc++";
				CLANG_ENABLE_MODULES = YES;
				CLANG_ENABLE_OBJC_ARC = YES;
				CLANG_ENABLE_OBJC_WEAK = YES;
				CLANG_WARN_BLOCK_CAPTURE_AUTORELEASING = YES;
				CLANG_WARN_BOOL_CONVERSION = YES;
				CLANG_WARN_COMMA = YES;
				CLANG_WARN_CONSTANT_CONVERSION = YES;
				CLANG_WARN_DEPRECATED_OBJC_IMPLEMENTATIONS = YES;
				CLANG_WARN_DIRECT_OBJC_ISA_USAGE = YES_ERROR;
				CLANG_WARN_DOCUMENTATION_COMMENTS = YES;
				CLANG_WARN_EMPTY_BODY = YES;
				CLANG_WARN_ENUM_CONVERSION = YES;
				CLANG_WARN_INFINITE_RECURSION = YES;
				CLANG_WARN_INT_CONVERSION = YES;
				CLANG_WARN_NON_LITERAL_NULL_CONVERSION = YES;
				CLANG_WARN_OBJC_IMPLICIT_RETAIN_SELF = YES;
				CLANG_WARN_OBJC_LITERAL_CONVERSION = YES;
				CLANG_WARN_OBJC_ROOT_CLASS = YES_ERROR;
				CLANG_WARN_RANGE_LOOP_ANALYSIS = YES;
				CLANG_WARN_STRICT_PROTOTYPES = YES;
				CLANG_WARN_SUSPICIOUS_MOVE = YES;
				CLANG_WARN_UNGUARDED_AVAILABILITY = YES_AGGRESSIVE;
				CLANG_WARN_UNREACHABLE_CODE = YES;
				CLANG_WARN__DUPLICATE_METHOD_MATCH = YES;
				CODE_SIGN_IDENTITY = "iPhone Developer";
				COPY_PHASE_STRIP = NO;
				DEBUG_INFORMATION_FORMAT = "dwarf-with-dsym";
				ENABLE_NS_ASSERTIONS = NO;
				ENABLE_STRICT_OBJC_MSGSEND = YES;
				GCC_C_LANGUAGE_STANDARD = gnu11;
				GCC_NO_COMMON_BLOCKS = YES;
				GCC_WARN_64_TO_32_BIT_CONVERSION = YES;
				GCC_WARN_ABOUT_RETURN_TYPE = YES_ERROR;
				GCC_WARN_UNDECLARED_SELECTOR = YES;
				GCC_WARN_UNINITIALIZED_AUTOS = YES_AGGRESSIVE;
				GCC_WARN_UNUSED_FUNCTION = YES;
				GCC_WARN_UNUSED_VARIABLE = YES;
				IPHONEOS_DEPLOYMENT_TARGET = 11.4;
				MTL_ENABLE_DEBUG_INFO = NO;
				SDKROOT = iphoneos;
				SWIFT_COMPILATION_MODE = wholemodule;
				SWIFT_OPTIMIZATION_LEVEL = "-O";
				VALIDATE_PRODUCT = YES;
			};
			name = Release;
		};
		FE1C3AA720D2A0E300FA43EE /* Debug */ = {
			isa = XCBuildConfiguration;
			baseConfigurationReference = C2CB406E7FF80149E579163B /* Pods-ImageLoader.debug.xcconfig */;
			buildSettings = {
				ASSETCATALOG_COMPILER_APPICON_NAME = AppIcon;
				CODE_SIGN_STYLE = Automatic;
				DEVELOPMENT_TEAM = MH99TMMZ5H;
				INFOPLIST_FILE = ImageLoader/Info.plist;
				IPHONEOS_DEPLOYMENT_TARGET = 11.4;
				LD_RUNPATH_SEARCH_PATHS = (
					"$(inherited)",
					"@executable_path/Frameworks",
				);
				PRODUCT_BUNDLE_IDENTIFIER = com.devcreatios.ImageLoader;
				PRODUCT_NAME = "$(TARGET_NAME)";
				SWIFT_VERSION = 4.0;
				TARGETED_DEVICE_FAMILY = "1,2";
			};
			name = Debug;
		};
		FE1C3AA820D2A0E300FA43EE /* Release */ = {
			isa = XCBuildConfiguration;
			baseConfigurationReference = 229415FB624522DE137D5490 /* Pods-ImageLoader.release.xcconfig */;
			buildSettings = {
				ASSETCATALOG_COMPILER_APPICON_NAME = AppIcon;
				CODE_SIGN_STYLE = Automatic;
				DEVELOPMENT_TEAM = MH99TMMZ5H;
				INFOPLIST_FILE = ImageLoader/Info.plist;
				IPHONEOS_DEPLOYMENT_TARGET = 11.4;
				LD_RUNPATH_SEARCH_PATHS = (
					"$(inherited)",
					"@executable_path/Frameworks",
				);
				PRODUCT_BUNDLE_IDENTIFIER = com.devcreatios.ImageLoader;
				PRODUCT_NAME = "$(TARGET_NAME)";
				SWIFT_VERSION = 4.0;
				TARGETED_DEVICE_FAMILY = "1,2";
			};
			name = Release;
		};
/* End XCBuildConfiguration section */

/* Begin XCConfigurationList section */
		FE1C3A8C20D2A0CE00FA43EE /* Build configuration list for PBXProject "ImageLoader" */ = {
			isa = XCConfigurationList;
			buildConfigurations = (
				FE1C3AA420D2A0E300FA43EE /* Debug */,
				FE1C3AA520D2A0E300FA43EE /* Release */,
			);
			defaultConfigurationIsVisible = 0;
			defaultConfigurationName = Release;
		};
		FE1C3AA620D2A0E300FA43EE /* Build configuration list for PBXNativeTarget "ImageLoader" */ = {
			isa = XCConfigurationList;
			buildConfigurations = (
				FE1C3AA720D2A0E300FA43EE /* Debug */,
				FE1C3AA820D2A0E300FA43EE /* Release */,
			);
			defaultConfigurationIsVisible = 0;
			defaultConfigurationName = Release;
		};
/* End XCConfigurationList section */

/* Begin XCVersionGroup section */
		FE1C3A9B20D2A0D000FA43EE /* ImageLoader.xcdatamodeld */ = {
			isa = XCVersionGroup;
			children = (
				FE1C3A9C20D2A0D000FA43EE /* ImageLoader.xcdatamodel */,
			);
			currentVersion = FE1C3A9C20D2A0D000FA43EE /* ImageLoader.xcdatamodel */;
			path = ImageLoader.xcdatamodeld;
			sourceTree = "<group>";
			versionGroupType = wrapper.xcdatamodel;
		};
/* End XCVersionGroup section */
	};
	rootObject = FE1C3A8920D2A0CD00FA43EE /* Project object */;
}
